// !$*UTF8*$!
{
	archiveVersion = 1;
	classes = {
	};
	objectVersion = 56;
	objects = {

/* Begin PBXBuildFile section */
		F5BA5F4D2B18D64F00A027EC /* AboutMeViewController.swift in Sources */ = {isa = PBXBuildFile; fileRef = F5BA5F4C2B18D64F00A027EC /* AboutMeViewController.swift */; };
		F5E6C7942B1782D500C35FE7 /* MainTabBarController.swift in Sources */ = {isa = PBXBuildFile; fileRef = F5E6C7932B1782D500C35FE7 /* MainTabBarController.swift */; };
		F5E6C7962B1782F600C35FE7 /* HeartController.swift in Sources */ = {isa = PBXBuildFile; fileRef = F5E6C7952B1782F600C35FE7 /* HeartController.swift */; };
		F5E6C7982B17832200C35FE7 /* HistoryController.swift in Sources */ = {isa = PBXBuildFile; fileRef = F5E6C7972B17832200C35FE7 /* HistoryController.swift */; };
		F5E6C79C2B17835D00C35FE7 /* DietController.swift in Sources */ = {isa = PBXBuildFile; fileRef = F5E6C79B2B17835D00C35FE7 /* DietController.swift */; };
		F5E6C79E2B17836A00C35FE7 /* TestController.swift in Sources */ = {isa = PBXBuildFile; fileRef = F5E6C79D2B17836A00C35FE7 /* TestController.swift */; };
		F5E6C7A02B17837400C35FE7 /* ProfileController.swift in Sources */ = {isa = PBXBuildFile; fileRef = F5E6C79F2B17837400C35FE7 /* ProfileController.swift */; };
		F5F8673A2B170B8C0096AAEE /* AppDelegate.swift in Sources */ = {isa = PBXBuildFile; fileRef = F5F867392B170B8C0096AAEE /* AppDelegate.swift */; };
		F5F8673C2B170B8C0096AAEE /* SceneDelegate.swift in Sources */ = {isa = PBXBuildFile; fileRef = F5F8673B2B170B8C0096AAEE /* SceneDelegate.swift */; };
		F5F8673E2B170B8C0096AAEE /* ViewController.swift in Sources */ = {isa = PBXBuildFile; fileRef = F5F8673D2B170B8C0096AAEE /* ViewController.swift */; };
		F5F867412B170B8C0096AAEE /* Main.storyboard in Resources */ = {isa = PBXBuildFile; fileRef = F5F8673F2B170B8C0096AAEE /* Main.storyboard */; };
		F5F867432B170B8D0096AAEE /* Assets.xcassets in Resources */ = {isa = PBXBuildFile; fileRef = F5F867422B170B8D0096AAEE /* Assets.xcassets */; };
		F5F867462B170B8D0096AAEE /* LaunchScreen.storyboard in Resources */ = {isa = PBXBuildFile; fileRef = F5F867442B170B8D0096AAEE /* LaunchScreen.storyboard */; };
		F5F867512B170B8E0096AAEE /* PulseAppTests.swift in Sources */ = {isa = PBXBuildFile; fileRef = F5F867502B170B8E0096AAEE /* PulseAppTests.swift */; };
		F5F8675B2B170B8E0096AAEE /* PulseAppUITests.swift in Sources */ = {isa = PBXBuildFile; fileRef = F5F8675A2B170B8E0096AAEE /* PulseAppUITests.swift */; };
		F5F8675D2B170B8E0096AAEE /* PulseAppUITestsLaunchTests.swift in Sources */ = {isa = PBXBuildFile; fileRef = F5F8675C2B170B8E0096AAEE /* PulseAppUITestsLaunchTests.swift */; };
/* End PBXBuildFile section */

/* Begin PBXContainerItemProxy section */
		F5F8674D2B170B8D0096AAEE /* PBXContainerItemProxy */ = {
			isa = PBXContainerItemProxy;
			containerPortal = F5F8672E2B170B8C0096AAEE /* Project object */;
			proxyType = 1;
			remoteGlobalIDString = F5F867352B170B8C0096AAEE;
			remoteInfo = PulseApp;
		};
		F5F867572B170B8E0096AAEE /* PBXContainerItemProxy */ = {
			isa = PBXContainerItemProxy;
			containerPortal = F5F8672E2B170B8C0096AAEE /* Project object */;
			proxyType = 1;
			remoteGlobalIDString = F5F867352B170B8C0096AAEE;
			remoteInfo = PulseApp;
		};
/* End PBXContainerItemProxy section */

/* Begin PBXFileReference section */
		F5BA5F4C2B18D64F00A027EC /* AboutMeViewController.swift */ = {isa = PBXFileReference; lastKnownFileType = sourcecode.swift; path = AboutMeViewController.swift; sourceTree = "<group>"; };
		F5E6C7932B1782D500C35FE7 /* MainTabBarController.swift */ = {isa = PBXFileReference; lastKnownFileType = sourcecode.swift; path = MainTabBarController.swift; sourceTree = "<group>"; };
		F5E6C7952B1782F600C35FE7 /* HeartController.swift */ = {isa = PBXFileReference; lastKnownFileType = sourcecode.swift; path = HeartController.swift; sourceTree = "<group>"; };
		F5E6C7972B17832200C35FE7 /* HistoryController.swift */ = {isa = PBXFileReference; lastKnownFileType = sourcecode.swift; path = HistoryController.swift; sourceTree = "<group>"; };
		F5E6C79B2B17835D00C35FE7 /* DietController.swift */ = {isa = PBXFileReference; lastKnownFileType = sourcecode.swift; path = DietController.swift; sourceTree = "<group>"; };
		F5E6C79D2B17836A00C35FE7 /* TestController.swift */ = {isa = PBXFileReference; lastKnownFileType = sourcecode.swift; path = TestController.swift; sourceTree = "<group>"; };
		F5E6C79F2B17837400C35FE7 /* ProfileController.swift */ = {isa = PBXFileReference; lastKnownFileType = sourcecode.swift; path = ProfileController.swift; sourceTree = "<group>"; };
		F5F867362B170B8C0096AAEE /* PulseApp.app */ = {isa = PBXFileReference; explicitFileType = wrapper.application; includeInIndex = 0; path = PulseApp.app; sourceTree = BUILT_PRODUCTS_DIR; };
		F5F867392B170B8C0096AAEE /* AppDelegate.swift */ = {isa = PBXFileReference; lastKnownFileType = sourcecode.swift; path = AppDelegate.swift; sourceTree = "<group>"; };
		F5F8673B2B170B8C0096AAEE /* SceneDelegate.swift */ = {isa = PBXFileReference; lastKnownFileType = sourcecode.swift; path = SceneDelegate.swift; sourceTree = "<group>"; };
		F5F8673D2B170B8C0096AAEE /* ViewController.swift */ = {isa = PBXFileReference; lastKnownFileType = sourcecode.swift; path = ViewController.swift; sourceTree = "<group>"; };
		F5F867402B170B8C0096AAEE /* Base */ = {isa = PBXFileReference; lastKnownFileType = file.storyboard; name = Base; path = Base.lproj/Main.storyboard; sourceTree = "<group>"; };
		F5F867422B170B8D0096AAEE /* Assets.xcassets */ = {isa = PBXFileReference; lastKnownFileType = folder.assetcatalog; path = Assets.xcassets; sourceTree = "<group>"; };
		F5F867452B170B8D0096AAEE /* Base */ = {isa = PBXFileReference; lastKnownFileType = file.storyboard; name = Base; path = Base.lproj/LaunchScreen.storyboard; sourceTree = "<group>"; };
		F5F867472B170B8D0096AAEE /* Info.plist */ = {isa = PBXFileReference; lastKnownFileType = text.plist.xml; path = Info.plist; sourceTree = "<group>"; };
		F5F8674C2B170B8D0096AAEE /* PulseAppTests.xctest */ = {isa = PBXFileReference; explicitFileType = wrapper.cfbundle; includeInIndex = 0; path = PulseAppTests.xctest; sourceTree = BUILT_PRODUCTS_DIR; };
		F5F867502B170B8E0096AAEE /* PulseAppTests.swift */ = {isa = PBXFileReference; lastKnownFileType = sourcecode.swift; path = PulseAppTests.swift; sourceTree = "<group>"; };
		F5F867562B170B8E0096AAEE /* PulseAppUITests.xctest */ = {isa = PBXFileReference; explicitFileType = wrapper.cfbundle; includeInIndex = 0; path = PulseAppUITests.xctest; sourceTree = BUILT_PRODUCTS_DIR; };
		F5F8675A2B170B8E0096AAEE /* PulseAppUITests.swift */ = {isa = PBXFileReference; lastKnownFileType = sourcecode.swift; path = PulseAppUITests.swift; sourceTree = "<group>"; };
		F5F8675C2B170B8E0096AAEE /* PulseAppUITestsLaunchTests.swift */ = {isa = PBXFileReference; lastKnownFileType = sourcecode.swift; path = PulseAppUITestsLaunchTests.swift; sourceTree = "<group>"; };
/* End PBXFileReference section */

/* Begin PBXFrameworksBuildPhase section */
		F5F867332B170B8C0096AAEE /* Frameworks */ = {
			isa = PBXFrameworksBuildPhase;
			buildActionMask = 2147483647;
			files = (
			);
			runOnlyForDeploymentPostprocessing = 0;
		};
		F5F867492B170B8D0096AAEE /* Frameworks */ = {
			isa = PBXFrameworksBuildPhase;
			buildActionMask = 2147483647;
			files = (
			);
			runOnlyForDeploymentPostprocessing = 0;
		};
		F5F867532B170B8E0096AAEE /* Frameworks */ = {
			isa = PBXFrameworksBuildPhase;
			buildActionMask = 2147483647;
			files = (
			);
			runOnlyForDeploymentPostprocessing = 0;
		};
/* End PBXFrameworksBuildPhase section */

/* Begin PBXGroup section */
		F5E6C7992B17832C00C35FE7 /* TabBArView */ = {
			isa = PBXGroup;
			children = (
				F5E6C7932B1782D500C35FE7 /* MainTabBarController.swift */,
				F5E6C7952B1782F600C35FE7 /* HeartController.swift */,
				F5E6C7972B17832200C35FE7 /* HistoryController.swift */,
				F5E6C79B2B17835D00C35FE7 /* DietController.swift */,
				F5E6C79D2B17836A00C35FE7 /* TestController.swift */,
				F5E6C79F2B17837400C35FE7 /* ProfileController.swift */,
			);
			path = TabBArView;
			sourceTree = "<group>";
		};
		F5E6C79A2B17833E00C35FE7 /* Support files */ = {
			isa = PBXGroup;
			children = (
				F5F867392B170B8C0096AAEE /* AppDelegate.swift */,
				F5F8673B2B170B8C0096AAEE /* SceneDelegate.swift */,
			);
			path = "Support files";
			sourceTree = "<group>";
		};
		F5F8672D2B170B8C0096AAEE = {
			isa = PBXGroup;
			children = (
				F5F867382B170B8C0096AAEE /* PulseApp */,
				F5F8674F2B170B8D0096AAEE /* PulseAppTests */,
				F5F867592B170B8E0096AAEE /* PulseAppUITests */,
				F5F867372B170B8C0096AAEE /* Products */,
			);
			sourceTree = "<group>";
		};
		F5F867372B170B8C0096AAEE /* Products */ = {
			isa = PBXGroup;
			children = (
				F5F867362B170B8C0096AAEE /* PulseApp.app */,
				F5F8674C2B170B8D0096AAEE /* PulseAppTests.xctest */,
				F5F867562B170B8E0096AAEE /* PulseAppUITests.xctest */,
			);
			name = Products;
			sourceTree = "<group>";
		};
		F5F867382B170B8C0096AAEE /* PulseApp */ = {
			isa = PBXGroup;
			children = (
				F5F8673D2B170B8C0096AAEE /* ViewController.swift */,
				F5BA5F4C2B18D64F00A027EC /* AboutMeViewController.swift */,
				F5E6C7992B17832C00C35FE7 /* TabBArView */,
				F5F867422B170B8D0096AAEE /* Assets.xcassets */,
				F5E6C79A2B17833E00C35FE7 /* Support files */,
				F5F867442B170B8D0096AAEE /* LaunchScreen.storyboard */,
				F5F867472B170B8D0096AAEE /* Info.plist */,
				F5F8673F2B170B8C0096AAEE /* Main.storyboard */,
			);
			path = PulseApp;
			sourceTree = "<group>";
		};
		F5F8674F2B170B8D0096AAEE /* PulseAppTests */ = {
			isa = PBXGroup;
			children = (
				F5F867502B170B8E0096AAEE /* PulseAppTests.swift */,
			);
			path = PulseAppTests;
			sourceTree = "<group>";
		};
		F5F867592B170B8E0096AAEE /* PulseAppUITests */ = {
			isa = PBXGroup;
			children = (
				F5F8675A2B170B8E0096AAEE /* PulseAppUITests.swift */,
				F5F8675C2B170B8E0096AAEE /* PulseAppUITestsLaunchTests.swift */,
			);
			path = PulseAppUITests;
			sourceTree = "<group>";
		};
/* End PBXGroup section */

/* Begin PBXNativeTarget section */
		F5F867352B170B8C0096AAEE /* PulseApp */ = {
			isa = PBXNativeTarget;
			buildConfigurationList = F5F867602B170B8E0096AAEE /* Build configuration list for PBXNativeTarget "PulseApp" */;
			buildPhases = (
				F5F867322B170B8C0096AAEE /* Sources */,
				F5F867332B170B8C0096AAEE /* Frameworks */,
				F5F867342B170B8C0096AAEE /* Resources */,
			);
			buildRules = (
			);
			dependencies = (
			);
			name = PulseApp;
			productName = PulseApp;
			productReference = F5F867362B170B8C0096AAEE /* PulseApp.app */;
			productType = "com.apple.product-type.application";
		};
		F5F8674B2B170B8D0096AAEE /* PulseAppTests */ = {
			isa = PBXNativeTarget;
			buildConfigurationList = F5F867632B170B8E0096AAEE /* Build configuration list for PBXNativeTarget "PulseAppTests" */;
			buildPhases = (
				F5F867482B170B8D0096AAEE /* Sources */,
				F5F867492B170B8D0096AAEE /* Frameworks */,
				F5F8674A2B170B8D0096AAEE /* Resources */,
			);
			buildRules = (
			);
			dependencies = (
				F5F8674E2B170B8D0096AAEE /* PBXTargetDependency */,
			);
			name = PulseAppTests;
			productName = PulseAppTests;
			productReference = F5F8674C2B170B8D0096AAEE /* PulseAppTests.xctest */;
			productType = "com.apple.product-type.bundle.unit-test";
		};
		F5F867552B170B8E0096AAEE /* PulseAppUITests */ = {
			isa = PBXNativeTarget;
			buildConfigurationList = F5F867662B170B8E0096AAEE /* Build configuration list for PBXNativeTarget "PulseAppUITests" */;
			buildPhases = (
				F5F867522B170B8E0096AAEE /* Sources */,
				F5F867532B170B8E0096AAEE /* Frameworks */,
				F5F867542B170B8E0096AAEE /* Resources */,
			);
			buildRules = (
			);
			dependencies = (
				F5F867582B170B8E0096AAEE /* PBXTargetDependency */,
			);
			name = PulseAppUITests;
			productName = PulseAppUITests;
			productReference = F5F867562B170B8E0096AAEE /* PulseAppUITests.xctest */;
			productType = "com.apple.product-type.bundle.ui-testing";
		};
/* End PBXNativeTarget section */

/* Begin PBXProject section */
		F5F8672E2B170B8C0096AAEE /* Project object */ = {
			isa = PBXProject;
			attributes = {
				BuildIndependentTargetsInParallel = 1;
				LastSwiftUpdateCheck = 1500;
				LastUpgradeCheck = 1500;
				TargetAttributes = {
					F5F867352B170B8C0096AAEE = {
						CreatedOnToolsVersion = 15.0;
					};
					F5F8674B2B170B8D0096AAEE = {
						CreatedOnToolsVersion = 15.0;
						TestTargetID = F5F867352B170B8C0096AAEE;
					};
					F5F867552B170B8E0096AAEE = {
						CreatedOnToolsVersion = 15.0;
						TestTargetID = F5F867352B170B8C0096AAEE;
					};
				};
			};
			buildConfigurationList = F5F867312B170B8C0096AAEE /* Build configuration list for PBXProject "PulseApp" */;
			compatibilityVersion = "Xcode 14.0";
			developmentRegion = en;
			hasScannedForEncodings = 0;
			knownRegions = (
				en,
				Base,
			);
			mainGroup = F5F8672D2B170B8C0096AAEE;
			productRefGroup = F5F867372B170B8C0096AAEE /* Products */;
			projectDirPath = "";
			projectRoot = "";
			targets = (
				F5F867352B170B8C0096AAEE /* PulseApp */,
				F5F8674B2B170B8D0096AAEE /* PulseAppTests */,
				F5F867552B170B8E0096AAEE /* PulseAppUITests */,
			);
		};
/* End PBXProject section */

/* Begin PBXResourcesBuildPhase section */
		F5F867342B170B8C0096AAEE /* Resources */ = {
			isa = PBXResourcesBuildPhase;
			buildActionMask = 2147483647;
			files = (
				F5F867462B170B8D0096AAEE /* LaunchScreen.storyboard in Resources */,
				F5F867432B170B8D0096AAEE /* Assets.xcassets in Resources */,
				F5F867412B170B8C0096AAEE /* Main.storyboard in Resources */,
			);
			runOnlyForDeploymentPostprocessing = 0;
		};
		F5F8674A2B170B8D0096AAEE /* Resources */ = {
			isa = PBXResourcesBuildPhase;
			buildActionMask = 2147483647;
			files = (
			);
			runOnlyForDeploymentPostprocessing = 0;
		};
		F5F867542B170B8E0096AAEE /* Resources */ = {
			isa = PBXResourcesBuildPhase;
			buildActionMask = 2147483647;
			files = (
			);
			runOnlyForDeploymentPostprocessing = 0;
		};
/* End PBXResourcesBuildPhase section */

/* Begin PBXSourcesBuildPhase section */
		F5F867322B170B8C0096AAEE /* Sources */ = {
			isa = PBXSourcesBuildPhase;
			buildActionMask = 2147483647;
			files = (
				F5E6C79C2B17835D00C35FE7 /* DietController.swift in Sources */,
				F5F8673E2B170B8C0096AAEE /* ViewController.swift in Sources */,
				F5F8673A2B170B8C0096AAEE /* AppDelegate.swift in Sources */,
				F5E6C79E2B17836A00C35FE7 /* TestController.swift in Sources */,
				F5E6C7942B1782D500C35FE7 /* MainTabBarController.swift in Sources */,
				F5E6C7A02B17837400C35FE7 /* ProfileController.swift in Sources */,
				F5BA5F4D2B18D64F00A027EC /* AboutMeViewController.swift in Sources */,
				F5F8673C2B170B8C0096AAEE /* SceneDelegate.swift in Sources */,
				F5E6C7982B17832200C35FE7 /* HistoryController.swift in Sources */,
				F5E6C7962B1782F600C35FE7 /* HeartController.swift in Sources */,
			);
			runOnlyForDeploymentPostprocessing = 0;
		};
		F5F867482B170B8D0096AAEE /* Sources */ = {
			isa = PBXSourcesBuildPhase;
			buildActionMask = 2147483647;
			files = (
				F5F867512B170B8E0096AAEE /* PulseAppTests.swift in Sources */,
			);
			runOnlyForDeploymentPostprocessing = 0;
		};
		F5F867522B170B8E0096AAEE /* Sources */ = {
			isa = PBXSourcesBuildPhase;
			buildActionMask = 2147483647;
			files = (
				F5F8675D2B170B8E0096AAEE /* PulseAppUITestsLaunchTests.swift in Sources */,
				F5F8675B2B170B8E0096AAEE /* PulseAppUITests.swift in Sources */,
			);
			runOnlyForDeploymentPostprocessing = 0;
		};
/* End PBXSourcesBuildPhase section */

/* Begin PBXTargetDependency section */
		F5F8674E2B170B8D0096AAEE /* PBXTargetDependency */ = {
			isa = PBXTargetDependency;
			target = F5F867352B170B8C0096AAEE /* PulseApp */;
			targetProxy = F5F8674D2B170B8D0096AAEE /* PBXContainerItemProxy */;
		};
		F5F867582B170B8E0096AAEE /* PBXTargetDependency */ = {
			isa = PBXTargetDependency;
			target = F5F867352B170B8C0096AAEE /* PulseApp */;
			targetProxy = F5F867572B170B8E0096AAEE /* PBXContainerItemProxy */;
		};
/* End PBXTargetDependency section */

/* Begin PBXVariantGroup section */
		F5F8673F2B170B8C0096AAEE /* Main.storyboard */ = {
			isa = PBXVariantGroup;
			children = (
				F5F867402B170B8C0096AAEE /* Base */,
			);
			name = Main.storyboard;
			sourceTree = "<group>";
		};
		F5F867442B170B8D0096AAEE /* LaunchScreen.storyboard */ = {
			isa = PBXVariantGroup;
			children = (
				F5F867452B170B8D0096AAEE /* Base */,
			);
			name = LaunchScreen.storyboard;
			sourceTree = "<group>";
		};
/* End PBXVariantGroup section */

/* Begin XCBuildConfiguration section */
		F5F8675E2B170B8E0096AAEE /* Debug */ = {
			isa = XCBuildConfiguration;
			buildSettings = {
				ALWAYS_SEARCH_USER_PATHS = NO;
				ASSETCATALOG_COMPILER_GENERATE_SWIFT_ASSET_SYMBOL_EXTENSIONS = YES;
				CLANG_ANALYZER_NONNULL = YES;
				CLANG_ANALYZER_NUMBER_OBJECT_CONVERSION = YES_AGGRESSIVE;
				CLANG_CXX_LANGUAGE_STANDARD = "gnu++20";
				CLANG_ENABLE_MODULES = YES;
				CLANG_ENABLE_OBJC_ARC = YES;
				CLANG_ENABLE_OBJC_WEAK = YES;
				CLANG_WARN_BLOCK_CAPTURE_AUTORELEASING = YES;
				CLANG_WARN_BOOL_CONVERSION = YES;
				CLANG_WARN_COMMA = YES;
				CLANG_WARN_CONSTANT_CONVERSION = YES;
				CLANG_WARN_DEPRECATED_OBJC_IMPLEMENTATIONS = YES;
				CLANG_WARN_DIRECT_OBJC_ISA_USAGE = YES_ERROR;
				CLANG_WARN_DOCUMENTATION_COMMENTS = YES;
				CLANG_WARN_EMPTY_BODY = YES;
				CLANG_WARN_ENUM_CONVERSION = YES;
				CLANG_WARN_INFINITE_RECURSION = YES;
				CLANG_WARN_INT_CONVERSION = YES;
				CLANG_WARN_NON_LITERAL_NULL_CONVERSION = YES;
				CLANG_WARN_OBJC_IMPLICIT_RETAIN_SELF = YES;
				CLANG_WARN_OBJC_LITERAL_CONVERSION = YES;
				CLANG_WARN_OBJC_ROOT_CLASS = YES_ERROR;
				CLANG_WARN_QUOTED_INCLUDE_IN_FRAMEWORK_HEADER = YES;
				CLANG_WARN_RANGE_LOOP_ANALYSIS = YES;
				CLANG_WARN_STRICT_PROTOTYPES = YES;
				CLANG_WARN_SUSPICIOUS_MOVE = YES;
				CLANG_WARN_UNGUARDED_AVAILABILITY = YES_AGGRESSIVE;
				CLANG_WARN_UNREACHABLE_CODE = YES;
				CLANG_WARN__DUPLICATE_METHOD_MATCH = YES;
				COPY_PHASE_STRIP = NO;
				DEBUG_INFORMATION_FORMAT = dwarf;
				ENABLE_STRICT_OBJC_MSGSEND = YES;
				ENABLE_TESTABILITY = YES;
				ENABLE_USER_SCRIPT_SANDBOXING = YES;
				GCC_C_LANGUAGE_STANDARD = gnu17;
				GCC_DYNAMIC_NO_PIC = NO;
				GCC_NO_COMMON_BLOCKS = YES;
				GCC_OPTIMIZATION_LEVEL = 0;
				GCC_PREPROCESSOR_DEFINITIONS = (
					"DEBUG=1",
					"$(inherited)",
				);
				GCC_WARN_64_TO_32_BIT_CONVERSION = YES;
				GCC_WARN_ABOUT_RETURN_TYPE = YES_ERROR;
				GCC_WARN_UNDECLARED_SELECTOR = YES;
				GCC_WARN_UNINITIALIZED_AUTOS = YES_AGGRESSIVE;
				GCC_WARN_UNUSED_FUNCTION = YES;
				GCC_WARN_UNUSED_VARIABLE = YES;
				IPHONEOS_DEPLOYMENT_TARGET = 17.0;
				LOCALIZATION_PREFERS_STRING_CATALOGS = YES;
				MTL_ENABLE_DEBUG_INFO = INCLUDE_SOURCE;
				MTL_FAST_MATH = YES;
				ONLY_ACTIVE_ARCH = YES;
				SDKROOT = iphoneos;
				SWIFT_ACTIVE_COMPILATION_CONDITIONS = "DEBUG $(inherited)";
				SWIFT_OPTIMIZATION_LEVEL = "-Onone";
			};
			name = Debug;
		};
		F5F8675F2B170B8E0096AAEE /* Release */ = {
			isa = XCBuildConfiguration;
			buildSettings = {
				ALWAYS_SEARCH_USER_PATHS = NO;
				ASSETCATALOG_COMPILER_GENERATE_SWIFT_ASSET_SYMBOL_EXTENSIONS = YES;
				CLANG_ANALYZER_NONNULL = YES;
				CLANG_ANALYZER_NUMBER_OBJECT_CONVERSION = YES_AGGRESSIVE;
				CLANG_CXX_LANGUAGE_STANDARD = "gnu++20";
				CLANG_ENABLE_MODULES = YES;
				CLANG_ENABLE_OBJC_ARC = YES;
				CLANG_ENABLE_OBJC_WEAK = YES;
				CLANG_WARN_BLOCK_CAPTURE_AUTORELEASING = YES;
				CLANG_WARN_BOOL_CONVERSION = YES;
				CLANG_WARN_COMMA = YES;
				CLANG_WARN_CONSTANT_CONVERSION = YES;
				CLANG_WARN_DEPRECATED_OBJC_IMPLEMENTATIONS = YES;
				CLANG_WARN_DIRECT_OBJC_ISA_USAGE = YES_ERROR;
				CLANG_WARN_DOCUMENTATION_COMMENTS = YES;
				CLANG_WARN_EMPTY_BODY = YES;
				CLANG_WARN_ENUM_CONVERSION = YES;
				CLANG_WARN_INFINITE_RECURSION = YES;
				CLANG_WARN_INT_CONVERSION = YES;
				CLANG_WARN_NON_LITERAL_NULL_CONVERSION = YES;
				CLANG_WARN_OBJC_IMPLICIT_RETAIN_SELF = YES;
				CLANG_WARN_OBJC_LITERAL_CONVERSION = YES;
				CLANG_WARN_OBJC_ROOT_CLASS = YES_ERROR;
				CLANG_WARN_QUOTED_INCLUDE_IN_FRAMEWORK_HEADER = YES;
				CLANG_WARN_RANGE_LOOP_ANALYSIS = YES;
				CLANG_WARN_STRICT_PROTOTYPES = YES;
				CLANG_WARN_SUSPICIOUS_MOVE = YES;
				CLANG_WARN_UNGUARDED_AVAILABILITY = YES_AGGRESSIVE;
				CLANG_WARN_UNREACHABLE_CODE = YES;
				CLANG_WARN__DUPLICATE_METHOD_MATCH = YES;
				COPY_PHASE_STRIP = NO;
				DEBUG_INFORMATION_FORMAT = "dwarf-with-dsym";
				ENABLE_NS_ASSERTIONS = NO;
				ENABLE_STRICT_OBJC_MSGSEND = YES;
				ENABLE_USER_SCRIPT_SANDBOXING = YES;
				GCC_C_LANGUAGE_STANDARD = gnu17;
				GCC_NO_COMMON_BLOCKS = YES;
				GCC_WARN_64_TO_32_BIT_CONVERSION = YES;
				GCC_WARN_ABOUT_RETURN_TYPE = YES_ERROR;
				GCC_WARN_UNDECLARED_SELECTOR = YES;
				GCC_WARN_UNINITIALIZED_AUTOS = YES_AGGRESSIVE;
				GCC_WARN_UNUSED_FUNCTION = YES;
				GCC_WARN_UNUSED_VARIABLE = YES;
				IPHONEOS_DEPLOYMENT_TARGET = 17.0;
				LOCALIZATION_PREFERS_STRING_CATALOGS = YES;
				MTL_ENABLE_DEBUG_INFO = NO;
				MTL_FAST_MATH = YES;
				SDKROOT = iphoneos;
				SWIFT_COMPILATION_MODE = wholemodule;
				VALIDATE_PRODUCT = YES;
			};
			name = Release;
		};
		F5F867612B170B8E0096AAEE /* Debug */ = {
			isa = XCBuildConfiguration;
			buildSettings = {
				ASSETCATALOG_COMPILER_APPICON_NAME = AppIcon;
				ASSETCATALOG_COMPILER_GLOBAL_ACCENT_COLOR_NAME = AccentColor;
				CODE_SIGN_STYLE = Automatic;
				CURRENT_PROJECT_VERSION = 1;
				DEVELOPMENT_TEAM = QYJ996Y32P;
				GENERATE_INFOPLIST_FILE = YES;
				INFOPLIST_FILE = PulseApp/Info.plist;
				INFOPLIST_KEY_UIApplicationSupportsIndirectInputEvents = YES;
				INFOPLIST_KEY_UILaunchStoryboardName = LaunchScreen;
				INFOPLIST_KEY_UIMainStoryboardFile = Main;
				INFOPLIST_KEY_UISupportedInterfaceOrientations_iPad = "UIInterfaceOrientationPortrait UIInterfaceOrientationPortraitUpsideDown UIInterfaceOrientationLandscapeLeft UIInterfaceOrientationLandscapeRight";
				INFOPLIST_KEY_UISupportedInterfaceOrientations_iPhone = "UIInterfaceOrientationPortrait UIInterfaceOrientationLandscapeLeft UIInterfaceOrientationLandscapeRight";
				LD_RUNPATH_SEARCH_PATHS = (
					"$(inherited)",
					"@executable_path/Frameworks",
				);
				MARKETING_VERSION = 1.0;
				PRODUCT_BUNDLE_IDENTIFIER = vladislavikys.PulseApp;
				PRODUCT_NAME = "$(TARGET_NAME)";
				SWIFT_EMIT_LOC_STRINGS = YES;
				SWIFT_VERSION = 5.0;
				TARGETED_DEVICE_FAMILY = "1,2";
			};
			name = Debug;
		};
		F5F867622B170B8E0096AAEE /* Release */ = {
			isa = XCBuildConfiguration;
			buildSettings = {
				ASSETCATALOG_COMPILER_APPICON_NAME = AppIcon;
				ASSETCATALOG_COMPILER_GLOBAL_ACCENT_COLOR_NAME = AccentColor;
				CODE_SIGN_STYLE = Automatic;
				CURRENT_PROJECT_VERSION = 1;
				DEVELOPMENT_TEAM = QYJ996Y32P;
				GENERATE_INFOPLIST_FILE = YES;
				INFOPLIST_FILE = PulseApp/Info.plist;
				INFOPLIST_KEY_UIApplicationSupportsIndirectInputEvents = YES;
				INFOPLIST_KEY_UILaunchStoryboardName = LaunchScreen;
				INFOPLIST_KEY_UIMainStoryboardFile = Main;
				INFOPLIST_KEY_UISupportedInterfaceOrientations_iPad = "UIInterfaceOrientationPortrait UIInterfaceOrientationPortraitUpsideDown UIInterfaceOrientationLandscapeLeft UIInterfaceOrientationLandscapeRight";
				INFOPLIST_KEY_UISupportedInterfaceOrientations_iPhone = "UIInterfaceOrientationPortrait UIInterfaceOrientationLandscapeLeft UIInterfaceOrientationLandscapeRight";
				LD_RUNPATH_SEARCH_PATHS = (
					"$(inherited)",
					"@executable_path/Frameworks",
				);
				MARKETING_VERSION = 1.0;
				PRODUCT_BUNDLE_IDENTIFIER = vladislavikys.PulseApp;
				PRODUCT_NAME = "$(TARGET_NAME)";
				SWIFT_EMIT_LOC_STRINGS = YES;
				SWIFT_VERSION = 5.0;
				TARGETED_DEVICE_FAMILY = "1,2";
			};
			name = Release;
		};
		F5F867642B170B8E0096AAEE /* Debug */ = {
			isa = XCBuildConfiguration;
			buildSettings = {
				ALWAYS_EMBED_SWIFT_STANDARD_LIBRARIES = YES;
				BUNDLE_LOADER = "$(TEST_HOST)";
				CODE_SIGN_STYLE = Automatic;
				CURRENT_PROJECT_VERSION = 1;
				DEVELOPMENT_TEAM = QYJ996Y32P;
				GENERATE_INFOPLIST_FILE = YES;
				IPHONEOS_DEPLOYMENT_TARGET = 17.0;
				MARKETING_VERSION = 1.0;
				PRODUCT_BUNDLE_IDENTIFIER = vladislavikys.PulseAppTests;
				PRODUCT_NAME = "$(TARGET_NAME)";
				SWIFT_EMIT_LOC_STRINGS = NO;
				SWIFT_VERSION = 5.0;
				TARGETED_DEVICE_FAMILY = "1,2";
				TEST_HOST = "$(BUILT_PRODUCTS_DIR)/PulseApp.app/$(BUNDLE_EXECUTABLE_FOLDER_PATH)/PulseApp";
			};
			name = Debug;
		};
		F5F867652B170B8E0096AAEE /* Release */ = {
			isa = XCBuildConfiguration;
			buildSettings = {
				ALWAYS_EMBED_SWIFT_STANDARD_LIBRARIES = YES;
				BUNDLE_LOADER = "$(TEST_HOST)";
				CODE_SIGN_STYLE = Automatic;
				CURRENT_PROJECT_VERSION = 1;
				DEVELOPMENT_TEAM = QYJ996Y32P;
				GENERATE_INFOPLIST_FILE = YES;
				IPHONEOS_DEPLOYMENT_TARGET = 17.0;
				MARKETING_VERSION = 1.0;
				PRODUCT_BUNDLE_IDENTIFIER = vladislavikys.PulseAppTests;
				PRODUCT_NAME = "$(TARGET_NAME)";
				SWIFT_EMIT_LOC_STRINGS = NO;
				SWIFT_VERSION = 5.0;
				TARGETED_DEVICE_FAMILY = "1,2";
				TEST_HOST = "$(BUILT_PRODUCTS_DIR)/PulseApp.app/$(BUNDLE_EXECUTABLE_FOLDER_PATH)/PulseApp";
			};
			name = Release;
		};
		F5F867672B170B8E0096AAEE /* Debug */ = {
			isa = XCBuildConfiguration;
			buildSettings = {
				ALWAYS_EMBED_SWIFT_STANDARD_LIBRARIES = YES;
				CODE_SIGN_STYLE = Automatic;
				CURRENT_PROJECT_VERSION = 1;
				DEVELOPMENT_TEAM = QYJ996Y32P;
				GENERATE_INFOPLIST_FILE = YES;
				MARKETING_VERSION = 1.0;
				PRODUCT_BUNDLE_IDENTIFIER = vladislavikys.PulseAppUITests;
				PRODUCT_NAME = "$(TARGET_NAME)";
				SWIFT_EMIT_LOC_STRINGS = NO;
				SWIFT_VERSION = 5.0;
				TARGETED_DEVICE_FAMILY = "1,2";
				TEST_TARGET_NAME = PulseApp;
			};
			name = Debug;
		};
		F5F867682B170B8E0096AAEE /* Release */ = {
			isa = XCBuildConfiguration;
			buildSettings = {
				ALWAYS_EMBED_SWIFT_STANDARD_LIBRARIES = YES;
				CODE_SIGN_STYLE = Automatic;
				CURRENT_PROJECT_VERSION = 1;
				DEVELOPMENT_TEAM = QYJ996Y32P;
				GENERATE_INFOPLIST_FILE = YES;
				MARKETING_VERSION = 1.0;
				PRODUCT_BUNDLE_IDENTIFIER = vladislavikys.PulseAppUITests;
				PRODUCT_NAME = "$(TARGET_NAME)";
				SWIFT_EMIT_LOC_STRINGS = NO;
				SWIFT_VERSION = 5.0;
				TARGETED_DEVICE_FAMILY = "1,2";
				TEST_TARGET_NAME = PulseApp;
			};
			name = Release;
		};
/* End XCBuildConfiguration section */

/* Begin XCConfigurationList section */
		F5F867312B170B8C0096AAEE /* Build configuration list for PBXProject "PulseApp" */ = {
			isa = XCConfigurationList;
			buildConfigurations = (
				F5F8675E2B170B8E0096AAEE /* Debug */,
				F5F8675F2B170B8E0096AAEE /* Release */,
			);
			defaultConfigurationIsVisible = 0;
			defaultConfigurationName = Release;
		};
		F5F867602B170B8E0096AAEE /* Build configuration list for PBXNativeTarget "PulseApp" */ = {
			isa = XCConfigurationList;
			buildConfigurations = (
				F5F867612B170B8E0096AAEE /* Debug */,
				F5F867622B170B8E0096AAEE /* Release */,
			);
			defaultConfigurationIsVisible = 0;
			defaultConfigurationName = Release;
		};
		F5F867632B170B8E0096AAEE /* Build configuration list for PBXNativeTarget "PulseAppTests" */ = {
			isa = XCConfigurationList;
			buildConfigurations = (
				F5F867642B170B8E0096AAEE /* Debug */,
				F5F867652B170B8E0096AAEE /* Release */,
			);
			defaultConfigurationIsVisible = 0;
			defaultConfigurationName = Release;
		};
		F5F867662B170B8E0096AAEE /* Build configuration list for PBXNativeTarget "PulseAppUITests" */ = {
			isa = XCConfigurationList;
			buildConfigurations = (
				F5F867672B170B8E0096AAEE /* Debug */,
				F5F867682B170B8E0096AAEE /* Release */,
			);
			defaultConfigurationIsVisible = 0;
			defaultConfigurationName = Release;
		};
/* End XCConfigurationList section */
	};
	rootObject = F5F8672E2B170B8C0096AAEE /* Project object */;
}
